
Microsoft Visual Studio Solution File, Format Version 12.00
# Visual Studio Version 16
VisualStudioVersion = 16.0.32929.386
MinimumVisualStudioVersion = 10.0.40219.1
Project("{FAE04EC0-301F-11D3-BF4B-00C04F79EFBC}") = "Expertsystem", "WebApplication7\Expertsystem.csproj", "{BD44DAA0-E27B-4B1B-9636-43D606FA720D}"
EndProject
Project("{2150E333-8FDC-42A3-9474-1A3956D46DE8}") = "Solution Items", "Solution Items", "{E31F9623-A675-42EF-A5A0-7AC1B7397655}"
	ProjectSection(SolutionItems) = preProject
		.editorconfig = .editorconfig
	EndProjectSection
EndProject
Global
	GlobalSection(SolutionConfigurationPlatforms) = preSolution
		Debug|Any CPU = Debug|Any CPU
		Release|Any CPU = Release|Any CPU
	EndGlobalSection
	GlobalSection(ProjectConfigurationPlatforms) = postSolution
		{BD44DAA0-E27B-4B1B-9636-43D606FA720D}.Debug|Any CPU.ActiveCfg = Debug|Any CPU
		{BD44DAA0-E27B-4B1B-9636-43D606FA720D}.Debug|Any CPU.Build.0 = Debug|Any CPU
		{BD44DAA0-E27B-4B1B-9636-43D606FA720D}.Release|Any CPU.ActiveCfg = Release|Any CPU
		{BD44DAA0-E27B-4B1B-9636-43D606FA720D}.Release|Any CPU.Build.0 = Release|Any CPU
	EndGlobalSection
	GlobalSection(SolutionProperties) = preSolution
		HideSolutionNode = FALSE
	EndGlobalSection
	GlobalSection(ExtensibilityGlobals) = postSolution
		SolutionGuid = {7BEE78C6-19E0-4D46-809D-B6608E64EE4B}
	EndGlobalSection
EndGlobal
